
Microsoft Visual Studio Solution File, Format Version 12.00
# Visual Studio Version 16
VisualStudioVersion = 16.0.30503.244
MinimumVisualStudioVersion = 10.0.40219.1
Project("{9A19103F-16F7-4668-BE54-9A1E7A4F7556}") = "TypedWorkflow", "TypedWorkflow\TypedWorkflow.csproj", "{37A75C9B-A214-4DAF-BB4E-71C5D5E748D4}"
EndProject
Project("{2150E333-8FDC-42A3-9474-1A3956D46DE8}") = "Solution Items", "Solution Items", "{5C91D567-6417-42B2-8BBA-D70B3209A6CB}"
	ProjectSection(SolutionItems) = preProject
		icon.png = icon.png
		LICENSE = LICENSE
		README.md = README.md
		README_ru.md = README_ru.md
	EndProjectSection
EndProject
Project("{9A19103F-16F7-4668-BE54-9A1E7A4F7556}") = "TypedWorkflowTests", "TypedWorkflowTests\TypedWorkflowTests.csproj", "{724F32E1-0EB7-4810-B174-F962D135F28C}"
EndProject
Project("{FAE04EC0-301F-11D3-BF4B-00C04F79EFBC}") = "TypedWorkflowBenchmark", "TypedWorkflowBenchmark\TypedWorkflowBenchmark.csproj", "{E3157FD0-762C-48EC-92D9-FD0FBF6B0E83}"
EndProject
Global
	GlobalSection(SolutionConfigurationPlatforms) = preSolution
		Debug|Any CPU = Debug|Any CPU
		Release|Any CPU = Release|Any CPU
	EndGlobalSection
	GlobalSection(ProjectConfigurationPlatforms) = postSolution
		{37A75C9B-A214-4DAF-BB4E-71C5D5E748D4}.Debug|Any CPU.ActiveCfg = Debug|Any CPU
		{37A75C9B-A214-4DAF-BB4E-71C5D5E748D4}.Debug|Any CPU.Build.0 = Debug|Any CPU
		{37A75C9B-A214-4DAF-BB4E-71C5D5E748D4}.Release|Any CPU.ActiveCfg = Release|Any CPU
		{37A75C9B-A214-4DAF-BB4E-71C5D5E748D4}.Release|Any CPU.Build.0 = Release|Any CPU
		{724F32E1-0EB7-4810-B174-F962D135F28C}.Debug|Any CPU.ActiveCfg = Debug|Any CPU
		{724F32E1-0EB7-4810-B174-F962D135F28C}.Debug|Any CPU.Build.0 = Debug|Any CPU
		{724F32E1-0EB7-4810-B174-F962D135F28C}.Release|Any CPU.ActiveCfg = Release|Any CPU
		{724F32E1-0EB7-4810-B174-F962D135F28C}.Release|Any CPU.Build.0 = Release|Any CPU
		{E3157FD0-762C-48EC-92D9-FD0FBF6B0E83}.Debug|Any CPU.ActiveCfg = Debug|Any CPU
		{E3157FD0-762C-48EC-92D9-FD0FBF6B0E83}.Debug|Any CPU.Build.0 = Debug|Any CPU
		{E3157FD0-762C-48EC-92D9-FD0FBF6B0E83}.Release|Any CPU.ActiveCfg = Release|Any CPU
		{E3157FD0-762C-48EC-92D9-FD0FBF6B0E83}.Release|Any CPU.Build.0 = Release|Any CPU
	EndGlobalSection
	GlobalSection(SolutionProperties) = preSolution
		HideSolutionNode = FALSE
	EndGlobalSection
	GlobalSection(ExtensibilityGlobals) = postSolution
		SolutionGuid = {FA15A038-70CA-4D48-8183-E2D472650156}
	EndGlobalSection
EndGlobal
